// !$*UTF8*$!
{
	archiveVersion = 1;
	classes = {
	};
	objectVersion = 52;
	objects = {

/* Begin PBXBuildFile section */
		813DCE2D258B6F26008232BB /* Weather.swift in Sources */ = {isa = PBXBuildFile; fileRef = 813DCE2C258B6F26008232BB /* Weather.swift */; };
		8156CD06258A500B004F6159 /* Alamofire in Frameworks */ = {isa = PBXBuildFile; productRef = 8156CD05258A500B004F6159 /* Alamofire */; };
		8156CD0D258A569D004F6159 /* Realm in Frameworks */ = {isa = PBXBuildFile; productRef = 8156CD0C258A569D004F6159 /* Realm */; };
		8156CD0F258A569D004F6159 /* RealmSwift in Frameworks */ = {isa = PBXBuildFile; productRef = 8156CD0E258A569D004F6159 /* RealmSwift */; };
		8156CD12258A5891004F6159 /* WeatherService.swift in Sources */ = {isa = PBXBuildFile; fileRef = 8156CD11258A5891004F6159 /* WeatherService.swift */; };
		817A54A8258A21AB003165F3 /* GradientView.swift in Sources */ = {isa = PBXBuildFile; fileRef = 817A54A7258A21AB003165F3 /* GradientView.swift */; };
		81BB78EF2588CF1800BFC4A1 /* AppDelegate.swift in Sources */ = {isa = PBXBuildFile; fileRef = 81BB78EE2588CF1800BFC4A1 /* AppDelegate.swift */; };
		81BB78F32588CF1800BFC4A1 /* LoginFormController.swift in Sources */ = {isa = PBXBuildFile; fileRef = 81BB78F22588CF1800BFC4A1 /* LoginFormController.swift */; };
		81BB78F62588CF1800BFC4A1 /* Main.storyboard in Resources */ = {isa = PBXBuildFile; fileRef = 81BB78F42588CF1800BFC4A1 /* Main.storyboard */; };
		81BB78F82588CF1A00BFC4A1 /* Assets.xcassets in Resources */ = {isa = PBXBuildFile; fileRef = 81BB78F72588CF1A00BFC4A1 /* Assets.xcassets */; };
		81BB78FB2588CF1A00BFC4A1 /* LaunchScreen.storyboard in Resources */ = {isa = PBXBuildFile; fileRef = 81BB78F92588CF1A00BFC4A1 /* LaunchScreen.storyboard */; };
		81CF6EC22589A364007450AF /* MyCityesCell.swift in Sources */ = {isa = PBXBuildFile; fileRef = 81CF6EC12589A364007450AF /* MyCityesCell.swift */; };
		81CF6EC52589A399007450AF /* MyCityesViewController.swift in Sources */ = {isa = PBXBuildFile; fileRef = 81CF6EC42589A399007450AF /* MyCityesViewController.swift */; };
		81CF6EC82589A3CA007450AF /* AllCityesViewController.swift in Sources */ = {isa = PBXBuildFile; fileRef = 81CF6EC72589A3CA007450AF /* AllCityesViewController.swift */; };
		81CF6ECC2589A3EA007450AF /* AllCityesCell.swift in Sources */ = {isa = PBXBuildFile; fileRef = 81CF6ECB2589A3EA007450AF /* AllCityesCell.swift */; };
		81CF6ED02589A589007450AF /* WeatherCell.swift in Sources */ = {isa = PBXBuildFile; fileRef = 81CF6ECF2589A589007450AF /* WeatherCell.swift */; };
		81CF6ED72589A61E007450AF /* WeatherViewController.swift in Sources */ = {isa = PBXBuildFile; fileRef = 81CF6ED62589A61E007450AF /* WeatherViewController.swift */; };
		81EC2E1E258A2E84000CF620 /* WeekDayPicker.swift in Sources */ = {isa = PBXBuildFile; fileRef = 81EC2E1D258A2E84000CF620 /* WeekDayPicker.swift */; };
/* End PBXBuildFile section */

/* Begin PBXFileReference section */
		813DCE2C258B6F26008232BB /* Weather.swift */ = {isa = PBXFileReference; lastKnownFileType = sourcecode.swift; path = Weather.swift; sourceTree = "<group>"; };
		8156CD11258A5891004F6159 /* WeatherService.swift */ = {isa = PBXFileReference; lastKnownFileType = sourcecode.swift; path = WeatherService.swift; sourceTree = "<group>"; };
		817A54A7258A21AB003165F3 /* GradientView.swift */ = {isa = PBXFileReference; lastKnownFileType = sourcecode.swift; path = GradientView.swift; sourceTree = "<group>"; };
		81BB78EB2588CF1800BFC4A1 /* Weather.app */ = {isa = PBXFileReference; explicitFileType = wrapper.application; includeInIndex = 0; path = Weather.app; sourceTree = BUILT_PRODUCTS_DIR; };
		81BB78EE2588CF1800BFC4A1 /* AppDelegate.swift */ = {isa = PBXFileReference; lastKnownFileType = sourcecode.swift; path = AppDelegate.swift; sourceTree = "<group>"; };
		81BB78F22588CF1800BFC4A1 /* LoginFormController.swift */ = {isa = PBXFileReference; lastKnownFileType = sourcecode.swift; path = LoginFormController.swift; sourceTree = "<group>"; };
		81BB78F52588CF1800BFC4A1 /* Base */ = {isa = PBXFileReference; lastKnownFileType = file.storyboard; name = Base; path = Base.lproj/Main.storyboard; sourceTree = "<group>"; };
		81BB78F72588CF1A00BFC4A1 /* Assets.xcassets */ = {isa = PBXFileReference; lastKnownFileType = folder.assetcatalog; path = Assets.xcassets; sourceTree = "<group>"; };
		81BB78FA2588CF1A00BFC4A1 /* Base */ = {isa = PBXFileReference; lastKnownFileType = file.storyboard; name = Base; path = Base.lproj/LaunchScreen.storyboard; sourceTree = "<group>"; };
		81BB78FC2588CF1A00BFC4A1 /* Info.plist */ = {isa = PBXFileReference; lastKnownFileType = text.plist.xml; path = Info.plist; sourceTree = "<group>"; };
		81CF6EC12589A364007450AF /* MyCityesCell.swift */ = {isa = PBXFileReference; lastKnownFileType = sourcecode.swift; path = MyCityesCell.swift; sourceTree = "<group>"; };
		81CF6EC42589A399007450AF /* MyCityesViewController.swift */ = {isa = PBXFileReference; lastKnownFileType = sourcecode.swift; path = MyCityesViewController.swift; sourceTree = "<group>"; };
		81CF6EC72589A3CA007450AF /* AllCityesViewController.swift */ = {isa = PBXFileReference; lastKnownFileType = sourcecode.swift; path = AllCityesViewController.swift; sourceTree = "<group>"; };
		81CF6ECB2589A3EA007450AF /* AllCityesCell.swift */ = {isa = PBXFileReference; lastKnownFileType = sourcecode.swift; path = AllCityesCell.swift; sourceTree = "<group>"; };
		81CF6ECF2589A589007450AF /* WeatherCell.swift */ = {isa = PBXFileReference; lastKnownFileType = sourcecode.swift; path = WeatherCell.swift; sourceTree = "<group>"; };
		81CF6ED62589A61E007450AF /* WeatherViewController.swift */ = {isa = PBXFileReference; lastKnownFileType = sourcecode.swift; path = WeatherViewController.swift; sourceTree = "<group>"; };
		81EC2E1D258A2E84000CF620 /* WeekDayPicker.swift */ = {isa = PBXFileReference; lastKnownFileType = sourcecode.swift; path = WeekDayPicker.swift; sourceTree = "<group>"; };
/* End PBXFileReference section */

/* Begin PBXFrameworksBuildPhase section */
		81BB78E82588CF1800BFC4A1 /* Frameworks */ = {
			isa = PBXFrameworksBuildPhase;
			buildActionMask = 2147483647;
			files = (
				8156CD0F258A569D004F6159 /* RealmSwift in Frameworks */,
				8156CD0D258A569D004F6159 /* Realm in Frameworks */,
				8156CD06258A500B004F6159 /* Alamofire in Frameworks */,
			);
			runOnlyForDeploymentPostprocessing = 0;
		};
/* End PBXFrameworksBuildPhase section */

/* Begin PBXGroup section */
		816B9DD9258F6350006C1110 /* Model */ = {
			isa = PBXGroup;
			children = (
				813DCE2C258B6F26008232BB /* Weather.swift */,
			);
			path = Model;
			sourceTree = "<group>";
		};
		81BB78E22588CF1800BFC4A1 = {
			isa = PBXGroup;
			children = (
				81DCAFFA25899D4A002AB8F6 /* App */,
				81BB78EC2588CF1800BFC4A1 /* Products */,
			);
			sourceTree = "<group>";
		};
		81BB78EC2588CF1800BFC4A1 /* Products */ = {
			isa = PBXGroup;
			children = (
				81BB78EB2588CF1800BFC4A1 /* Weather.app */,
			);
			name = Products;
			sourceTree = "<group>";
		};
		81BB78ED2588CF1800BFC4A1 /* Weather */ = {
			isa = PBXGroup;
			children = (
				81CF6ED62589A61E007450AF /* WeatherViewController.swift */,
				81CF6ECF2589A589007450AF /* WeatherCell.swift */,
			);
			path = Weather;
			sourceTree = "<group>";
		};
		81DCAFFA25899D4A002AB8F6 /* App */ = {
			isa = PBXGroup;
			children = (
				81BB78ED2588CF1800BFC4A1 /* Weather */,
				81FDBFD72589A03C00056413 /* MyCityes */,
				81FDBFD82589A0A600056413 /* AllCityes */,
				816B9DD9258F6350006C1110 /* Model */,
				81BB78F72588CF1A00BFC4A1 /* Assets.xcassets */,
				81BB78F42588CF1800BFC4A1 /* Main.storyboard */,
				81BB78FC2588CF1A00BFC4A1 /* Info.plist */,
				81EC2E1D258A2E84000CF620 /* WeekDayPicker.swift */,
				817A54A7258A21AB003165F3 /* GradientView.swift */,
				81BB78EE2588CF1800BFC4A1 /* AppDelegate.swift */,
				81BB78F22588CF1800BFC4A1 /* LoginFormController.swift */,
				8156CD11258A5891004F6159 /* WeatherService.swift */,
				81BB78F92588CF1A00BFC4A1 /* LaunchScreen.storyboard */,
			);
			path = App;
			sourceTree = "<group>";
		};
		81FDBFD72589A03C00056413 /* MyCityes */ = {
			isa = PBXGroup;
			children = (
				81CF6EC42589A399007450AF /* MyCityesViewController.swift */,
				81CF6EC12589A364007450AF /* MyCityesCell.swift */,
			);
			path = MyCityes;
			sourceTree = "<group>";
		};
		81FDBFD82589A0A600056413 /* AllCityes */ = {
			isa = PBXGroup;
			children = (
				81CF6EC72589A3CA007450AF /* AllCityesViewController.swift */,
				81CF6ECB2589A3EA007450AF /* AllCityesCell.swift */,
			);
			path = AllCityes;
			sourceTree = "<group>";
		};
/* End PBXGroup section */

/* Begin PBXNativeTarget section */
		81BB78EA2588CF1800BFC4A1 /* Weather */ = {
			isa = PBXNativeTarget;
			buildConfigurationList = 81BB78FF2588CF1A00BFC4A1 /* Build configuration list for PBXNativeTarget "Weather" */;
			buildPhases = (
				81BB78E72588CF1800BFC4A1 /* Sources */,
				81BB78E82588CF1800BFC4A1 /* Frameworks */,
				81BB78E92588CF1800BFC4A1 /* Resources */,
			);
			buildRules = (
			);
			dependencies = (
			);
			name = Weather;
			packageProductDependencies = (
				8156CD05258A500B004F6159 /* Alamofire */,
				8156CD0C258A569D004F6159 /* Realm */,
				8156CD0E258A569D004F6159 /* RealmSwift */,
			);
			productName = Weather;
			productReference = 81BB78EB2588CF1800BFC4A1 /* Weather.app */;
			productType = "com.apple.product-type.application";
		};
/* End PBXNativeTarget section */

/* Begin PBXProject section */
		81BB78E32588CF1800BFC4A1 /* Project object */ = {
			isa = PBXProject;
			attributes = {
				LastSwiftUpdateCheck = 1220;
				LastUpgradeCheck = 1220;
				TargetAttributes = {
					81BB78EA2588CF1800BFC4A1 = {
						CreatedOnToolsVersion = 12.2;
					};
				};
			};
			buildConfigurationList = 81BB78E62588CF1800BFC4A1 /* Build configuration list for PBXProject "Weather" */;
			compatibilityVersion = "Xcode 9.3";
			developmentRegion = en;
			hasScannedForEncodings = 0;
			knownRegions = (
				en,
				Base,
			);
			mainGroup = 81BB78E22588CF1800BFC4A1;
			packageReferences = (
				8156CD04258A500B004F6159 /* XCRemoteSwiftPackageReference "Alamofire" */,
				8156CD0B258A569D004F6159 /* XCRemoteSwiftPackageReference "realm-cocoa" */,
			);
			productRefGroup = 81BB78EC2588CF1800BFC4A1 /* Products */;
			projectDirPath = "";
			projectRoot = "";
			targets = (
				81BB78EA2588CF1800BFC4A1 /* Weather */,
			);
		};
/* End PBXProject section */

/* Begin PBXResourcesBuildPhase section */
		81BB78E92588CF1800BFC4A1 /* Resources */ = {
			isa = PBXResourcesBuildPhase;
			buildActionMask = 2147483647;
			files = (
				81BB78FB2588CF1A00BFC4A1 /* LaunchScreen.storyboard in Resources */,
				81BB78F82588CF1A00BFC4A1 /* Assets.xcassets in Resources */,
				81BB78F62588CF1800BFC4A1 /* Main.storyboard in Resources */,
			);
			runOnlyForDeploymentPostprocessing = 0;
		};
/* End PBXResourcesBuildPhase section */

/* Begin PBXSourcesBuildPhase section */
		81BB78E72588CF1800BFC4A1 /* Sources */ = {
			isa = PBXSourcesBuildPhase;
			buildActionMask = 2147483647;
			files = (
				81CF6ECC2589A3EA007450AF /* AllCityesCell.swift in Sources */,
				81BB78F32588CF1800BFC4A1 /* LoginFormController.swift in Sources */,
				8156CD12258A5891004F6159 /* WeatherService.swift in Sources */,
				81EC2E1E258A2E84000CF620 /* WeekDayPicker.swift in Sources */,
				813DCE2D258B6F26008232BB /* Weather.swift in Sources */,
				81CF6EC82589A3CA007450AF /* AllCityesViewController.swift in Sources */,
				81CF6ED02589A589007450AF /* WeatherCell.swift in Sources */,
				81BB78EF2588CF1800BFC4A1 /* AppDelegate.swift in Sources */,
				81CF6ED72589A61E007450AF /* WeatherViewController.swift in Sources */,
				81CF6EC22589A364007450AF /* MyCityesCell.swift in Sources */,
				81CF6EC52589A399007450AF /* MyCityesViewController.swift in Sources */,
				817A54A8258A21AB003165F3 /* GradientView.swift in Sources */,
			);
			runOnlyForDeploymentPostprocessing = 0;
		};
/* End PBXSourcesBuildPhase section */

/* Begin PBXVariantGroup section */
		81BB78F42588CF1800BFC4A1 /* Main.storyboard */ = {
			isa = PBXVariantGroup;
			children = (
				81BB78F52588CF1800BFC4A1 /* Base */,
			);
			name = Main.storyboard;
			sourceTree = "<group>";
		};
		81BB78F92588CF1A00BFC4A1 /* LaunchScreen.storyboard */ = {
			isa = PBXVariantGroup;
			children = (
				81BB78FA2588CF1A00BFC4A1 /* Base */,
			);
			name = LaunchScreen.storyboard;
			sourceTree = "<group>";
		};
/* End PBXVariantGroup section */

/* Begin XCBuildConfiguration section */
		81BB78FD2588CF1A00BFC4A1 /* Debug */ = {
			isa = XCBuildConfiguration;
			buildSettings = {
				ALWAYS_SEARCH_USER_PATHS = NO;
				CLANG_ANALYZER_NONNULL = YES;
				CLANG_ANALYZER_NUMBER_OBJECT_CONVERSION = YES_AGGRESSIVE;
				CLANG_CXX_LANGUAGE_STANDARD = "gnu++14";
				CLANG_CXX_LIBRARY = "libc++";
				CLANG_ENABLE_MODULES = YES;
				CLANG_ENABLE_OBJC_ARC = YES;
				CLANG_ENABLE_OBJC_WEAK = YES;
				CLANG_WARN_BLOCK_CAPTURE_AUTORELEASING = YES;
				CLANG_WARN_BOOL_CONVERSION = YES;
				CLANG_WARN_COMMA = YES;
				CLANG_WARN_CONSTANT_CONVERSION = YES;
				CLANG_WARN_DEPRECATED_OBJC_IMPLEMENTATIONS = YES;
				CLANG_WARN_DIRECT_OBJC_ISA_USAGE = YES_ERROR;
				CLANG_WARN_DOCUMENTATION_COMMENTS = YES;
				CLANG_WARN_EMPTY_BODY = YES;
				CLANG_WARN_ENUM_CONVERSION = YES;
				CLANG_WARN_INFINITE_RECURSION = YES;
				CLANG_WARN_INT_CONVERSION = YES;
				CLANG_WARN_NON_LITERAL_NULL_CONVERSION = YES;
				CLANG_WARN_OBJC_IMPLICIT_RETAIN_SELF = YES;
				CLANG_WARN_OBJC_LITERAL_CONVERSION = YES;
				CLANG_WARN_OBJC_ROOT_CLASS = YES_ERROR;
				CLANG_WARN_QUOTED_INCLUDE_IN_FRAMEWORK_HEADER = YES;
				CLANG_WARN_RANGE_LOOP_ANALYSIS = YES;
				CLANG_WARN_STRICT_PROTOTYPES = YES;
				CLANG_WARN_SUSPICIOUS_MOVE = YES;
				CLANG_WARN_UNGUARDED_AVAILABILITY = YES_AGGRESSIVE;
				CLANG_WARN_UNREACHABLE_CODE = YES;
				CLANG_WARN__DUPLICATE_METHOD_MATCH = YES;
				COPY_PHASE_STRIP = NO;
				DEBUG_INFORMATION_FORMAT = dwarf;
				ENABLE_STRICT_OBJC_MSGSEND = YES;
				ENABLE_TESTABILITY = YES;
				GCC_C_LANGUAGE_STANDARD = gnu11;
				GCC_DYNAMIC_NO_PIC = NO;
				GCC_NO_COMMON_BLOCKS = YES;
				GCC_OPTIMIZATION_LEVEL = 0;
				GCC_PREPROCESSOR_DEFINITIONS = (
					"DEBUG=1",
					"$(inherited)",
				);
				GCC_WARN_64_TO_32_BIT_CONVERSION = YES;
				GCC_WARN_ABOUT_RETURN_TYPE = YES_ERROR;
				GCC_WARN_UNDECLARED_SELECTOR = YES;
				GCC_WARN_UNINITIALIZED_AUTOS = YES_AGGRESSIVE;
				GCC_WARN_UNUSED_FUNCTION = YES;
				GCC_WARN_UNUSED_VARIABLE = YES;
				IPHONEOS_DEPLOYMENT_TARGET = 14.2;
				MTL_ENABLE_DEBUG_INFO = INCLUDE_SOURCE;
				MTL_FAST_MATH = YES;
				ONLY_ACTIVE_ARCH = YES;
				SDKROOT = iphoneos;
				SWIFT_ACTIVE_COMPILATION_CONDITIONS = DEBUG;
				SWIFT_OPTIMIZATION_LEVEL = "-Onone";
			};
			name = Debug;
		};
		81BB78FE2588CF1A00BFC4A1 /* Release */ = {
			isa = XCBuildConfiguration;
			buildSettings = {
				ALWAYS_SEARCH_USER_PATHS = NO;
				CLANG_ANALYZER_NONNULL = YES;
				CLANG_ANALYZER_NUMBER_OBJECT_CONVERSION = YES_AGGRESSIVE;
				CLANG_CXX_LANGUAGE_STANDARD = "gnu++14";
				CLANG_CXX_LIBRARY = "libc++";
				CLANG_ENABLE_MODULES = YES;
				CLANG_ENABLE_OBJC_ARC = YES;
				CLANG_ENABLE_OBJC_WEAK = YES;
				CLANG_WARN_BLOCK_CAPTURE_AUTORELEASING = YES;
				CLANG_WARN_BOOL_CONVERSION = YES;
				CLANG_WARN_COMMA = YES;
				CLANG_WARN_CONSTANT_CONVERSION = YES;
				CLANG_WARN_DEPRECATED_OBJC_IMPLEMENTATIONS = YES;
				CLANG_WARN_DIRECT_OBJC_ISA_USAGE = YES_ERROR;
				CLANG_WARN_DOCUMENTATION_COMMENTS = YES;
				CLANG_WARN_EMPTY_BODY = YES;
				CLANG_WARN_ENUM_CONVERSION = YES;
				CLANG_WARN_INFINITE_RECURSION = YES;
				CLANG_WARN_INT_CONVERSION = YES;
				CLANG_WARN_NON_LITERAL_NULL_CONVERSION = YES;
				CLANG_WARN_OBJC_IMPLICIT_RETAIN_SELF = YES;
				CLANG_WARN_OBJC_LITERAL_CONVERSION = YES;
				CLANG_WARN_OBJC_ROOT_CLASS = YES_ERROR;
				CLANG_WARN_QUOTED_INCLUDE_IN_FRAMEWORK_HEADER = YES;
				CLANG_WARN_RANGE_LOOP_ANALYSIS = YES;
				CLANG_WARN_STRICT_PROTOTYPES = YES;
				CLANG_WARN_SUSPICIOUS_MOVE = YES;
				CLANG_WARN_UNGUARDED_AVAILABILITY = YES_AGGRESSIVE;
				CLANG_WARN_UNREACHABLE_CODE = YES;
				CLANG_WARN__DUPLICATE_METHOD_MATCH = YES;
				COPY_PHASE_STRIP = NO;
				DEBUG_INFORMATION_FORMAT = "dwarf-with-dsym";
				ENABLE_NS_ASSERTIONS = NO;
				ENABLE_STRICT_OBJC_MSGSEND = YES;
				GCC_C_LANGUAGE_STANDARD = gnu11;
				GCC_NO_COMMON_BLOCKS = YES;
				GCC_WARN_64_TO_32_BIT_CONVERSION = YES;
				GCC_WARN_ABOUT_RETURN_TYPE = YES_ERROR;
				GCC_WARN_UNDECLARED_SELECTOR = YES;
				GCC_WARN_UNINITIALIZED_AUTOS = YES_AGGRESSIVE;
				GCC_WARN_UNUSED_FUNCTION = YES;
				GCC_WARN_UNUSED_VARIABLE = YES;
				IPHONEOS_DEPLOYMENT_TARGET = 14.2;
				MTL_ENABLE_DEBUG_INFO = NO;
				MTL_FAST_MATH = YES;
				SDKROOT = iphoneos;
				SWIFT_COMPILATION_MODE = wholemodule;
				SWIFT_OPTIMIZATION_LEVEL = "-O";
				VALIDATE_PRODUCT = YES;
			};
			name = Release;
		};
		81BB79002588CF1A00BFC4A1 /* Debug */ = {
			isa = XCBuildConfiguration;
			buildSettings = {
				ASSETCATALOG_COMPILER_APPICON_NAME = AppIcon;
				ASSETCATALOG_COMPILER_GLOBAL_ACCENT_COLOR_NAME = AccentColor;
				CODE_SIGN_STYLE = Automatic;
				DEVELOPMENT_TEAM = SPAUA3R9XX;
				INFOPLIST_FILE = App/Info.plist;
				LD_RUNPATH_SEARCH_PATHS = (
					"$(inherited)",
					"@executable_path/Frameworks",
				);
				PRODUCT_BUNDLE_IDENTIFIER = "egorovmikhail-bk.ru.Weather";
				PRODUCT_NAME = "$(TARGET_NAME)";
				SWIFT_VERSION = 5.0;
				TARGETED_DEVICE_FAMILY = "1,2";
			};
			name = Debug;
		};
		81BB79012588CF1A00BFC4A1 /* Release */ = {
			isa = XCBuildConfiguration;
			buildSettings = {
				ASSETCATALOG_COMPILER_APPICON_NAME = AppIcon;
				ASSETCATALOG_COMPILER_GLOBAL_ACCENT_COLOR_NAME = AccentColor;
				CODE_SIGN_STYLE = Automatic;
				DEVELOPMENT_TEAM = SPAUA3R9XX;
				INFOPLIST_FILE = App/Info.plist;
				LD_RUNPATH_SEARCH_PATHS = (
					"$(inherited)",
					"@executable_path/Frameworks",
				);
				PRODUCT_BUNDLE_IDENTIFIER = "egorovmikhail-bk.ru.Weather";
				PRODUCT_NAME = "$(TARGET_NAME)";
				SWIFT_VERSION = 5.0;
				TARGETED_DEVICE_FAMILY = "1,2";
			};
			name = Release;
		};
/* End XCBuildConfiguration section */

/* Begin XCConfigurationList section */
		81BB78E62588CF1800BFC4A1 /* Build configuration list for PBXProject "Weather" */ = {
			isa = XCConfigurationList;
			buildConfigurations = (
				81BB78FD2588CF1A00BFC4A1 /* Debug */,
				81BB78FE2588CF1A00BFC4A1 /* Release */,
			);
			defaultConfigurationIsVisible = 0;
			defaultConfigurationName = Release;
		};
		81BB78FF2588CF1A00BFC4A1 /* Build configuration list for PBXNativeTarget "Weather" */ = {
			isa = XCConfigurationList;
			buildConfigurations = (
				81BB79002588CF1A00BFC4A1 /* Debug */,
				81BB79012588CF1A00BFC4A1 /* Release */,
			);
			defaultConfigurationIsVisible = 0;
			defaultConfigurationName = Release;
		};
/* End XCConfigurationList section */

/* Begin XCRemoteSwiftPackageReference section */
		8156CD04258A500B004F6159 /* XCRemoteSwiftPackageReference "Alamofire" */ = {
			isa = XCRemoteSwiftPackageReference;
			repositoryURL = "https://github.com/Alamofire/Alamofire.git";
			requirement = {
				kind = upToNextMajorVersion;
				minimumVersion = 5.4.0;
			};
		};
		8156CD0B258A569D004F6159 /* XCRemoteSwiftPackageReference "realm-cocoa" */ = {
			isa = XCRemoteSwiftPackageReference;
			repositoryURL = "https://github.com/realm/realm-cocoa.git";
			requirement = {
				kind = upToNextMajorVersion;
				minimumVersion = 10.5.0;
			};
		};
/* End XCRemoteSwiftPackageReference section */

/* Begin XCSwiftPackageProductDependency section */
		8156CD05258A500B004F6159 /* Alamofire */ = {
			isa = XCSwiftPackageProductDependency;
			package = 8156CD04258A500B004F6159 /* XCRemoteSwiftPackageReference "Alamofire" */;
			productName = Alamofire;
		};
		8156CD0C258A569D004F6159 /* Realm */ = {
			isa = XCSwiftPackageProductDependency;
			package = 8156CD0B258A569D004F6159 /* XCRemoteSwiftPackageReference "realm-cocoa" */;
			productName = Realm;
		};
		8156CD0E258A569D004F6159 /* RealmSwift */ = {
			isa = XCSwiftPackageProductDependency;
			package = 8156CD0B258A569D004F6159 /* XCRemoteSwiftPackageReference "realm-cocoa" */;
			productName = RealmSwift;
		};
/* End XCSwiftPackageProductDependency section */
	};
	rootObject = 81BB78E32588CF1800BFC4A1 /* Project object */;
}
